
Microsoft Visual Studio Solution File, Format Version 12.00
# Visual Studio Version 17
VisualStudioVersion = 17.5.002.0
MinimumVisualStudioVersion = 10.0.40219.1
Project("{9A19103F-16F7-4668-BE54-9A1E7A4F7556}") = "Ex0101SequenciaDeNumerosESoma", "Ex0101SequenciaDeNumerosESoma.csproj", "{DFCFE772-2C72-428C-B820-42CEC94B5B0E}"
EndProject
Global
	GlobalSection(SolutionConfigurationPlatforms) = preSolution
		Debug|Any CPU = Debug|Any CPU
		Release|Any CPU = Release|Any CPU
	EndGlobalSection
	GlobalSection(ProjectConfigurationPlatforms) = postSolution
		{DFCFE772-2C72-428C-B820-42CEC94B5B0E}.Debug|Any CPU.ActiveCfg = Debug|Any CPU
		{DFCFE772-2C72-428C-B820-42CEC94B5B0E}.Debug|Any CPU.Build.0 = Debug|Any CPU
		{DFCFE772-2C72-428C-B820-42CEC94B5B0E}.Release|Any CPU.ActiveCfg = Release|Any CPU
		{DFCFE772-2C72-428C-B820-42CEC94B5B0E}.Release|Any CPU.Build.0 = Release|Any CPU
	EndGlobalSection
	GlobalSection(SolutionProperties) = preSolution
		HideSolutionNode = FALSE
	EndGlobalSection
	GlobalSection(ExtensibilityGlobals) = postSolution
		SolutionGuid = {4D074910-8698-4122-B387-D2CD933EC8EA}
	EndGlobalSection
EndGlobal
