
Microsoft Visual Studio Solution File, Format Version 12.00
# Visual Studio Version 17
VisualStudioVersion = 17.8.34330.188
MinimumVisualStudioVersion = 10.0.40219.1
Project("{FAE04EC0-301F-11D3-BF4B-00C04F79EFBC}") = "ApiCSharp", "ApiCSharp.csproj", "{0243AF80-D400-49B5-A30E-6C82799F24BF}"
EndProject
Global
	GlobalSection(SolutionConfigurationPlatforms) = preSolution
		Debug|Any CPU = Debug|Any CPU
		Release|Any CPU = Release|Any CPU
	EndGlobalSection
	GlobalSection(ProjectConfigurationPlatforms) = postSolution
		{0243AF80-D400-49B5-A30E-6C82799F24BF}.Debug|Any CPU.ActiveCfg = Debug|Any CPU
		{0243AF80-D400-49B5-A30E-6C82799F24BF}.Debug|Any CPU.Build.0 = Debug|Any CPU
		{0243AF80-D400-49B5-A30E-6C82799F24BF}.Release|Any CPU.ActiveCfg = Release|Any CPU
		{0243AF80-D400-49B5-A30E-6C82799F24BF}.Release|Any CPU.Build.0 = Release|Any CPU
	EndGlobalSection
	GlobalSection(SolutionProperties) = preSolution
		HideSolutionNode = FALSE
	EndGlobalSection
	GlobalSection(ExtensibilityGlobals) = postSolution
		SolutionGuid = {24545459-6069-4B5D-BAB0-A36222CD18B8}
	EndGlobalSection
EndGlobal
