
Microsoft Visual Studio Solution File, Format Version 12.00
# Visual Studio Version 17
VisualStudioVersion = 17.8.34330.188
MinimumVisualStudioVersion = 10.0.40219.1
Project("{FAE04EC0-301F-11D3-BF4B-00C04F79EFBC}") = "Ex01While", "Ex01While\Ex01While.csproj", "{FDB381DD-030A-4685-92C3-39C78B3F68B5}"
EndProject
Global
	GlobalSection(SolutionConfigurationPlatforms) = preSolution
		Debug|Any CPU = Debug|Any CPU
		Release|Any CPU = Release|Any CPU
	EndGlobalSection
	GlobalSection(ProjectConfigurationPlatforms) = postSolution
		{FDB381DD-030A-4685-92C3-39C78B3F68B5}.Debug|Any CPU.ActiveCfg = Debug|Any CPU
		{FDB381DD-030A-4685-92C3-39C78B3F68B5}.Debug|Any CPU.Build.0 = Debug|Any CPU
		{FDB381DD-030A-4685-92C3-39C78B3F68B5}.Release|Any CPU.ActiveCfg = Release|Any CPU
		{FDB381DD-030A-4685-92C3-39C78B3F68B5}.Release|Any CPU.Build.0 = Release|Any CPU
	EndGlobalSection
	GlobalSection(SolutionProperties) = preSolution
		HideSolutionNode = FALSE
	EndGlobalSection
	GlobalSection(ExtensibilityGlobals) = postSolution
		SolutionGuid = {3BD5F7F2-D85B-411B-8F92-D5772FA681A7}
	EndGlobalSection
EndGlobal
