
Microsoft Visual Studio Solution File, Format Version 12.00
# Visual Studio Version 17
VisualStudioVersion = 17.8.34330.188
MinimumVisualStudioVersion = 10.0.40219.1
Project("{FAE04EC0-301F-11D3-BF4B-00C04F79EFBC}") = "CondicionaisEx03", "CondicionaisEx03\CondicionaisEx03.csproj", "{ABBC6C64-457F-42A7-8C91-B0A594731B36}"
EndProject
Global
	GlobalSection(SolutionConfigurationPlatforms) = preSolution
		Debug|Any CPU = Debug|Any CPU
		Release|Any CPU = Release|Any CPU
	EndGlobalSection
	GlobalSection(ProjectConfigurationPlatforms) = postSolution
		{ABBC6C64-457F-42A7-8C91-B0A594731B36}.Debug|Any CPU.ActiveCfg = Debug|Any CPU
		{ABBC6C64-457F-42A7-8C91-B0A594731B36}.Debug|Any CPU.Build.0 = Debug|Any CPU
		{ABBC6C64-457F-42A7-8C91-B0A594731B36}.Release|Any CPU.ActiveCfg = Release|Any CPU
		{ABBC6C64-457F-42A7-8C91-B0A594731B36}.Release|Any CPU.Build.0 = Release|Any CPU
	EndGlobalSection
	GlobalSection(SolutionProperties) = preSolution
		HideSolutionNode = FALSE
	EndGlobalSection
	GlobalSection(ExtensibilityGlobals) = postSolution
		SolutionGuid = {830290A4-8183-4B96-85AA-0CCD2F18B86B}
	EndGlobalSection
EndGlobal
