
Microsoft Visual Studio Solution File, Format Version 12.00
# Visual Studio Version 17
VisualStudioVersion = 17.8.34330.188
MinimumVisualStudioVersion = 10.0.40219.1
Project("{FAE04EC0-301F-11D3-BF4B-00C04F79EFBC}") = "Ex02While", "Ex02While\Ex02While.csproj", "{BBBE0BD0-3470-40D1-A320-C3311A85ED68}"
EndProject
Global
	GlobalSection(SolutionConfigurationPlatforms) = preSolution
		Debug|Any CPU = Debug|Any CPU
		Release|Any CPU = Release|Any CPU
	EndGlobalSection
	GlobalSection(ProjectConfigurationPlatforms) = postSolution
		{BBBE0BD0-3470-40D1-A320-C3311A85ED68}.Debug|Any CPU.ActiveCfg = Debug|Any CPU
		{BBBE0BD0-3470-40D1-A320-C3311A85ED68}.Debug|Any CPU.Build.0 = Debug|Any CPU
		{BBBE0BD0-3470-40D1-A320-C3311A85ED68}.Release|Any CPU.ActiveCfg = Release|Any CPU
		{BBBE0BD0-3470-40D1-A320-C3311A85ED68}.Release|Any CPU.Build.0 = Release|Any CPU
	EndGlobalSection
	GlobalSection(SolutionProperties) = preSolution
		HideSolutionNode = FALSE
	EndGlobalSection
	GlobalSection(ExtensibilityGlobals) = postSolution
		SolutionGuid = {0C91FDD0-8049-4765-8EFA-46E1D586D72B}
	EndGlobalSection
EndGlobal
