
Microsoft Visual Studio Solution File, Format Version 12.00
# Visual Studio Version 17
VisualStudioVersion = 17.9.34728.123
MinimumVisualStudioVersion = 10.0.40219.1
Project("{FAE04EC0-301F-11D3-BF4B-00C04F79EFBC}") = "Ex07Cedulas3", "Ex07Cedulas3\Ex07Cedulas3.csproj", "{7F395F20-3BF8-4CA0-9D1D-F1D6EF628182}"
EndProject
Global
	GlobalSection(SolutionConfigurationPlatforms) = preSolution
		Debug|Any CPU = Debug|Any CPU
		Release|Any CPU = Release|Any CPU
	EndGlobalSection
	GlobalSection(ProjectConfigurationPlatforms) = postSolution
		{7F395F20-3BF8-4CA0-9D1D-F1D6EF628182}.Debug|Any CPU.ActiveCfg = Debug|Any CPU
		{7F395F20-3BF8-4CA0-9D1D-F1D6EF628182}.Debug|Any CPU.Build.0 = Debug|Any CPU
		{7F395F20-3BF8-4CA0-9D1D-F1D6EF628182}.Release|Any CPU.ActiveCfg = Release|Any CPU
		{7F395F20-3BF8-4CA0-9D1D-F1D6EF628182}.Release|Any CPU.Build.0 = Release|Any CPU
	EndGlobalSection
	GlobalSection(SolutionProperties) = preSolution
		HideSolutionNode = FALSE
	EndGlobalSection
	GlobalSection(ExtensibilityGlobals) = postSolution
		SolutionGuid = {18540442-5003-4F4C-A4A6-7AFFE2336E54}
	EndGlobalSection
EndGlobal
