
Microsoft Visual Studio Solution File, Format Version 12.00
# Visual Studio Version 17
VisualStudioVersion = 17.8.34330.188
MinimumVisualStudioVersion = 10.0.40219.1
Project("{FAE04EC0-301F-11D3-BF4B-00C04F79EFBC}") = "Ex07Cedulas", "Ex07Cedulas\Ex07Cedulas.csproj", "{363A5870-BB55-4327-B5CB-75F9B9372C69}"
EndProject
Global
	GlobalSection(SolutionConfigurationPlatforms) = preSolution
		Debug|Any CPU = Debug|Any CPU
		Release|Any CPU = Release|Any CPU
	EndGlobalSection
	GlobalSection(ProjectConfigurationPlatforms) = postSolution
		{363A5870-BB55-4327-B5CB-75F9B9372C69}.Debug|Any CPU.ActiveCfg = Debug|Any CPU
		{363A5870-BB55-4327-B5CB-75F9B9372C69}.Debug|Any CPU.Build.0 = Debug|Any CPU
		{363A5870-BB55-4327-B5CB-75F9B9372C69}.Release|Any CPU.ActiveCfg = Release|Any CPU
		{363A5870-BB55-4327-B5CB-75F9B9372C69}.Release|Any CPU.Build.0 = Release|Any CPU
	EndGlobalSection
	GlobalSection(SolutionProperties) = preSolution
		HideSolutionNode = FALSE
	EndGlobalSection
	GlobalSection(ExtensibilityGlobals) = postSolution
		SolutionGuid = {326597FF-ECD2-4EF6-856E-68B539E81A6D}
	EndGlobalSection
EndGlobal
