
Microsoft Visual Studio Solution File, Format Version 12.00
# Visual Studio Version 17
VisualStudioVersion = 17.5.33516.290
MinimumVisualStudioVersion = 10.0.40219.1
Project("{FAE04EC0-301F-11D3-BF4B-00C04F79EFBC}") = "TesteAritmeticos01", "TesteAritmeticos01\TesteAritmeticos01.csproj", "{3BB7A3CF-1B51-4C0D-9325-C4881D92AF1A}"
EndProject
Global
	GlobalSection(SolutionConfigurationPlatforms) = preSolution
		Debug|Any CPU = Debug|Any CPU
		Release|Any CPU = Release|Any CPU
	EndGlobalSection
	GlobalSection(ProjectConfigurationPlatforms) = postSolution
		{3BB7A3CF-1B51-4C0D-9325-C4881D92AF1A}.Debug|Any CPU.ActiveCfg = Debug|Any CPU
		{3BB7A3CF-1B51-4C0D-9325-C4881D92AF1A}.Debug|Any CPU.Build.0 = Debug|Any CPU
		{3BB7A3CF-1B51-4C0D-9325-C4881D92AF1A}.Release|Any CPU.ActiveCfg = Release|Any CPU
		{3BB7A3CF-1B51-4C0D-9325-C4881D92AF1A}.Release|Any CPU.Build.0 = Release|Any CPU
	EndGlobalSection
	GlobalSection(SolutionProperties) = preSolution
		HideSolutionNode = FALSE
	EndGlobalSection
	GlobalSection(ExtensibilityGlobals) = postSolution
		SolutionGuid = {77627D85-3C76-41B5-B758-B2DAF3B1FC26}
	EndGlobalSection
EndGlobal
