
Microsoft Visual Studio Solution File, Format Version 12.00
# Visual Studio Version 17
VisualStudioVersion = 17.8.34330.188
MinimumVisualStudioVersion = 10.0.40219.1
Project("{FAE04EC0-301F-11D3-BF4B-00C04F79EFBC}") = "CondicionaisSwitch1", "CondicionaisSwitch1\CondicionaisSwitch1.csproj", "{B058C939-84C5-4E47-B175-B089E8D680BB}"
EndProject
Global
	GlobalSection(SolutionConfigurationPlatforms) = preSolution
		Debug|Any CPU = Debug|Any CPU
		Release|Any CPU = Release|Any CPU
	EndGlobalSection
	GlobalSection(ProjectConfigurationPlatforms) = postSolution
		{B058C939-84C5-4E47-B175-B089E8D680BB}.Debug|Any CPU.ActiveCfg = Debug|Any CPU
		{B058C939-84C5-4E47-B175-B089E8D680BB}.Debug|Any CPU.Build.0 = Debug|Any CPU
		{B058C939-84C5-4E47-B175-B089E8D680BB}.Release|Any CPU.ActiveCfg = Release|Any CPU
		{B058C939-84C5-4E47-B175-B089E8D680BB}.Release|Any CPU.Build.0 = Release|Any CPU
	EndGlobalSection
	GlobalSection(SolutionProperties) = preSolution
		HideSolutionNode = FALSE
	EndGlobalSection
	GlobalSection(ExtensibilityGlobals) = postSolution
		SolutionGuid = {1EB2AB8F-79E8-46E3-8C10-AB6DFDB37F89}
	EndGlobalSection
EndGlobal
