
Microsoft Visual Studio Solution File, Format Version 12.00
# Visual Studio Version 17
VisualStudioVersion = 17.9.34728.123
MinimumVisualStudioVersion = 10.0.40219.1
Project("{FAE04EC0-301F-11D3-BF4B-00C04F79EFBC}") = "Ex72Intervalo2", "Ex72Intervalo2.csproj", "{11340DA0-AD50-4F3C-BEBB-73874FD4071B}"
EndProject
Global
	GlobalSection(SolutionConfigurationPlatforms) = preSolution
		Debug|Any CPU = Debug|Any CPU
		Release|Any CPU = Release|Any CPU
	EndGlobalSection
	GlobalSection(ProjectConfigurationPlatforms) = postSolution
		{11340DA0-AD50-4F3C-BEBB-73874FD4071B}.Debug|Any CPU.ActiveCfg = Debug|Any CPU
		{11340DA0-AD50-4F3C-BEBB-73874FD4071B}.Debug|Any CPU.Build.0 = Debug|Any CPU
		{11340DA0-AD50-4F3C-BEBB-73874FD4071B}.Release|Any CPU.ActiveCfg = Release|Any CPU
		{11340DA0-AD50-4F3C-BEBB-73874FD4071B}.Release|Any CPU.Build.0 = Release|Any CPU
	EndGlobalSection
	GlobalSection(SolutionProperties) = preSolution
		HideSolutionNode = FALSE
	EndGlobalSection
	GlobalSection(ExtensibilityGlobals) = postSolution
		SolutionGuid = {81732E0C-C29F-4066-8ECB-1504A2724939}
	EndGlobalSection
EndGlobal
