
Microsoft Visual Studio Solution File, Format Version 12.00
# Visual Studio Version 17
VisualStudioVersion = 17.8.34330.188
MinimumVisualStudioVersion = 10.0.40219.1
Project("{FAE04EC0-301F-11D3-BF4B-00C04F79EFBC}") = "Ex07Vet", "Ex07Vet\Ex07Vet.csproj", "{8CFE09D4-8B08-4808-BC3A-48C6A4D46127}"
EndProject
Global
	GlobalSection(SolutionConfigurationPlatforms) = preSolution
		Debug|Any CPU = Debug|Any CPU
		Release|Any CPU = Release|Any CPU
	EndGlobalSection
	GlobalSection(ProjectConfigurationPlatforms) = postSolution
		{8CFE09D4-8B08-4808-BC3A-48C6A4D46127}.Debug|Any CPU.ActiveCfg = Debug|Any CPU
		{8CFE09D4-8B08-4808-BC3A-48C6A4D46127}.Debug|Any CPU.Build.0 = Debug|Any CPU
		{8CFE09D4-8B08-4808-BC3A-48C6A4D46127}.Release|Any CPU.ActiveCfg = Release|Any CPU
		{8CFE09D4-8B08-4808-BC3A-48C6A4D46127}.Release|Any CPU.Build.0 = Release|Any CPU
	EndGlobalSection
	GlobalSection(SolutionProperties) = preSolution
		HideSolutionNode = FALSE
	EndGlobalSection
	GlobalSection(ExtensibilityGlobals) = postSolution
		SolutionGuid = {3760BFCE-F949-4CE2-BB35-44CA6CFED418}
	EndGlobalSection
EndGlobal
