
Microsoft Visual Studio Solution File, Format Version 12.00
# Visual Studio Version 17
VisualStudioVersion = 17.8.34330.188
MinimumVisualStudioVersion = 10.0.40219.1
Project("{FAE04EC0-301F-11D3-BF4B-00C04F79EFBC}") = "Ex09NotasEMoedas", "Ex09NotasEMoedas\Ex09NotasEMoedas.csproj", "{91659A83-AEAB-43A5-8262-788D76ADAA32}"
EndProject
Global
	GlobalSection(SolutionConfigurationPlatforms) = preSolution
		Debug|Any CPU = Debug|Any CPU
		Release|Any CPU = Release|Any CPU
	EndGlobalSection
	GlobalSection(ProjectConfigurationPlatforms) = postSolution
		{91659A83-AEAB-43A5-8262-788D76ADAA32}.Debug|Any CPU.ActiveCfg = Debug|Any CPU
		{91659A83-AEAB-43A5-8262-788D76ADAA32}.Debug|Any CPU.Build.0 = Debug|Any CPU
		{91659A83-AEAB-43A5-8262-788D76ADAA32}.Release|Any CPU.ActiveCfg = Release|Any CPU
		{91659A83-AEAB-43A5-8262-788D76ADAA32}.Release|Any CPU.Build.0 = Release|Any CPU
	EndGlobalSection
	GlobalSection(SolutionProperties) = preSolution
		HideSolutionNode = FALSE
	EndGlobalSection
	GlobalSection(ExtensibilityGlobals) = postSolution
		SolutionGuid = {FFFD5E2D-8E69-4FB3-8DEB-1C82085414B3}
	EndGlobalSection
EndGlobal
