
Microsoft Visual Studio Solution File, Format Version 12.00
# Visual Studio Version 17
VisualStudioVersion = 17.9.34728.123
MinimumVisualStudioVersion = 10.0.40219.1
Project("{FAE04EC0-301F-11D3-BF4B-00C04F79EFBC}") = "Ex05MediaPonderada01", "Ex05MediaPonderada01\Ex05MediaPonderada01.csproj", "{89A73B6D-6127-430B-AB21-E3A439A13959}"
EndProject
Global
	GlobalSection(SolutionConfigurationPlatforms) = preSolution
		Debug|Any CPU = Debug|Any CPU
		Release|Any CPU = Release|Any CPU
	EndGlobalSection
	GlobalSection(ProjectConfigurationPlatforms) = postSolution
		{89A73B6D-6127-430B-AB21-E3A439A13959}.Debug|Any CPU.ActiveCfg = Debug|Any CPU
		{89A73B6D-6127-430B-AB21-E3A439A13959}.Debug|Any CPU.Build.0 = Debug|Any CPU
		{89A73B6D-6127-430B-AB21-E3A439A13959}.Release|Any CPU.ActiveCfg = Release|Any CPU
		{89A73B6D-6127-430B-AB21-E3A439A13959}.Release|Any CPU.Build.0 = Release|Any CPU
	EndGlobalSection
	GlobalSection(SolutionProperties) = preSolution
		HideSolutionNode = FALSE
	EndGlobalSection
	GlobalSection(ExtensibilityGlobals) = postSolution
		SolutionGuid = {7E89E66A-0DF2-4933-A7F4-BF6525BAB938}
	EndGlobalSection
EndGlobal
