
Microsoft Visual Studio Solution File, Format Version 12.00
# Visual Studio Version 17
VisualStudioVersion = 17.9.34902.65
MinimumVisualStudioVersion = 10.0.40219.1
Project("{9A19103F-16F7-4668-BE54-9A1E7A4F7556}") = "ClassesObjetos", "ClassesObjetos\ClassesObjetos.csproj", "{968B1C30-7D8D-4388-865A-A8A7FF10CED8}"
EndProject
Project("{9A19103F-16F7-4668-BE54-9A1E7A4F7556}") = "MetodoDasClasses", "MetodoDasClasses\MetodoDasClasses.csproj", "{68028214-2B87-4E2B-9120-B2EB8182ABDF}"
EndProject
Project("{FAE04EC0-301F-11D3-BF4B-00C04F79EFBC}") = "ThermoThis", "ThermoThis\ThermoThis.csproj", "{5F397361-AB78-4CAA-BC08-F05235229E6C}"
EndProject
Project("{FAE04EC0-301F-11D3-BF4B-00C04F79EFBC}") = "TipoDelegate", "TipoDelegate\TipoDelegate.csproj", "{6BB5714D-1ED4-4EDB-940E-E9236161CD80}"
EndProject
Project("{FAE04EC0-301F-11D3-BF4B-00C04F79EFBC}") = "Método Construtor", "Método Construtor\Método Construtor.csproj", "{42F47292-9509-498C-9ADA-0A9FC3AAE56D}"
EndProject
Global
	GlobalSection(SolutionConfigurationPlatforms) = preSolution
		Debug|Any CPU = Debug|Any CPU
		Release|Any CPU = Release|Any CPU
	EndGlobalSection
	GlobalSection(ProjectConfigurationPlatforms) = postSolution
		{968B1C30-7D8D-4388-865A-A8A7FF10CED8}.Debug|Any CPU.ActiveCfg = Debug|Any CPU
		{968B1C30-7D8D-4388-865A-A8A7FF10CED8}.Debug|Any CPU.Build.0 = Debug|Any CPU
		{968B1C30-7D8D-4388-865A-A8A7FF10CED8}.Release|Any CPU.ActiveCfg = Release|Any CPU
		{968B1C30-7D8D-4388-865A-A8A7FF10CED8}.Release|Any CPU.Build.0 = Release|Any CPU
		{68028214-2B87-4E2B-9120-B2EB8182ABDF}.Debug|Any CPU.ActiveCfg = Debug|Any CPU
		{68028214-2B87-4E2B-9120-B2EB8182ABDF}.Debug|Any CPU.Build.0 = Debug|Any CPU
		{68028214-2B87-4E2B-9120-B2EB8182ABDF}.Release|Any CPU.ActiveCfg = Release|Any CPU
		{68028214-2B87-4E2B-9120-B2EB8182ABDF}.Release|Any CPU.Build.0 = Release|Any CPU
		{5F397361-AB78-4CAA-BC08-F05235229E6C}.Debug|Any CPU.ActiveCfg = Debug|Any CPU
		{5F397361-AB78-4CAA-BC08-F05235229E6C}.Debug|Any CPU.Build.0 = Debug|Any CPU
		{5F397361-AB78-4CAA-BC08-F05235229E6C}.Release|Any CPU.ActiveCfg = Release|Any CPU
		{5F397361-AB78-4CAA-BC08-F05235229E6C}.Release|Any CPU.Build.0 = Release|Any CPU
		{6BB5714D-1ED4-4EDB-940E-E9236161CD80}.Debug|Any CPU.ActiveCfg = Debug|Any CPU
		{6BB5714D-1ED4-4EDB-940E-E9236161CD80}.Debug|Any CPU.Build.0 = Debug|Any CPU
		{6BB5714D-1ED4-4EDB-940E-E9236161CD80}.Release|Any CPU.ActiveCfg = Release|Any CPU
		{6BB5714D-1ED4-4EDB-940E-E9236161CD80}.Release|Any CPU.Build.0 = Release|Any CPU
		{42F47292-9509-498C-9ADA-0A9FC3AAE56D}.Debug|Any CPU.ActiveCfg = Debug|Any CPU
		{42F47292-9509-498C-9ADA-0A9FC3AAE56D}.Debug|Any CPU.Build.0 = Debug|Any CPU
		{42F47292-9509-498C-9ADA-0A9FC3AAE56D}.Release|Any CPU.ActiveCfg = Release|Any CPU
		{42F47292-9509-498C-9ADA-0A9FC3AAE56D}.Release|Any CPU.Build.0 = Release|Any CPU
	EndGlobalSection
	GlobalSection(SolutionProperties) = preSolution
		HideSolutionNode = FALSE
	EndGlobalSection
	GlobalSection(ExtensibilityGlobals) = postSolution
		SolutionGuid = {85204C66-5173-46C5-8BB8-B3D7853C5179}
	EndGlobalSection
EndGlobal
