
Microsoft Visual Studio Solution File, Format Version 12.00
# Visual Studio Version 17
VisualStudioVersion = 17.9.34728.123
MinimumVisualStudioVersion = 10.0.40219.1
Project("{FAE04EC0-301F-11D3-BF4B-00C04F79EFBC}") = "Ex08IdadeEmDias", "Ex08IdadeEmDias\Ex08IdadeEmDias.csproj", "{451BF921-E039-4371-8480-0B6E4C7EF4C1}"
EndProject
Global
	GlobalSection(SolutionConfigurationPlatforms) = preSolution
		Debug|Any CPU = Debug|Any CPU
		Release|Any CPU = Release|Any CPU
	EndGlobalSection
	GlobalSection(ProjectConfigurationPlatforms) = postSolution
		{451BF921-E039-4371-8480-0B6E4C7EF4C1}.Debug|Any CPU.ActiveCfg = Debug|Any CPU
		{451BF921-E039-4371-8480-0B6E4C7EF4C1}.Debug|Any CPU.Build.0 = Debug|Any CPU
		{451BF921-E039-4371-8480-0B6E4C7EF4C1}.Release|Any CPU.ActiveCfg = Release|Any CPU
		{451BF921-E039-4371-8480-0B6E4C7EF4C1}.Release|Any CPU.Build.0 = Release|Any CPU
	EndGlobalSection
	GlobalSection(SolutionProperties) = preSolution
		HideSolutionNode = FALSE
	EndGlobalSection
	GlobalSection(ExtensibilityGlobals) = postSolution
		SolutionGuid = {99F18F39-14D1-4640-8220-1EF8FC8C0127}
	EndGlobalSection
EndGlobal
