
Microsoft Visual Studio Solution File, Format Version 12.00
# Visual Studio Version 17
VisualStudioVersion = 17.8.34330.188
MinimumVisualStudioVersion = 10.0.40219.1
Project("{FAE04EC0-301F-11D3-BF4B-00C04F79EFBC}") = "TesteDeMesa01", "TesteDeMesa01\TesteDeMesa01.csproj", "{94EC9346-EC9C-4738-85EC-AD94F756E0EB}"
EndProject
Global
	GlobalSection(SolutionConfigurationPlatforms) = preSolution
		Debug|Any CPU = Debug|Any CPU
		Release|Any CPU = Release|Any CPU
	EndGlobalSection
	GlobalSection(ProjectConfigurationPlatforms) = postSolution
		{94EC9346-EC9C-4738-85EC-AD94F756E0EB}.Debug|Any CPU.ActiveCfg = Debug|Any CPU
		{94EC9346-EC9C-4738-85EC-AD94F756E0EB}.Debug|Any CPU.Build.0 = Debug|Any CPU
		{94EC9346-EC9C-4738-85EC-AD94F756E0EB}.Release|Any CPU.ActiveCfg = Release|Any CPU
		{94EC9346-EC9C-4738-85EC-AD94F756E0EB}.Release|Any CPU.Build.0 = Release|Any CPU
	EndGlobalSection
	GlobalSection(SolutionProperties) = preSolution
		HideSolutionNode = FALSE
	EndGlobalSection
	GlobalSection(ExtensibilityGlobals) = postSolution
		SolutionGuid = {099AD8DA-E34C-48E4-9622-B77ED5ED4ABE}
	EndGlobalSection
EndGlobal
