
Microsoft Visual Studio Solution File, Format Version 12.00
# Visual Studio Version 17
VisualStudioVersion = 17.9.34723.18
MinimumVisualStudioVersion = 10.0.40219.1
Project("{FAE04EC0-301F-11D3-BF4B-00C04F79EFBC}") = "Ex149Som.Int.Cosec.", "..\Ex149Som.Int.Cosec\Ex149Som.Int.Cosec\Ex149Som.Int.Cosec..csproj", "{B6DF1E5B-1213-4A4D-9388-562B0250802F}"
EndProject
Global
	GlobalSection(SolutionConfigurationPlatforms) = preSolution
		Debug|Any CPU = Debug|Any CPU
		Release|Any CPU = Release|Any CPU
	EndGlobalSection
	GlobalSection(ProjectConfigurationPlatforms) = postSolution
		{B6DF1E5B-1213-4A4D-9388-562B0250802F}.Debug|Any CPU.ActiveCfg = Debug|Any CPU
		{B6DF1E5B-1213-4A4D-9388-562B0250802F}.Debug|Any CPU.Build.0 = Debug|Any CPU
		{B6DF1E5B-1213-4A4D-9388-562B0250802F}.Release|Any CPU.ActiveCfg = Release|Any CPU
		{B6DF1E5B-1213-4A4D-9388-562B0250802F}.Release|Any CPU.Build.0 = Release|Any CPU
	EndGlobalSection
	GlobalSection(SolutionProperties) = preSolution
		HideSolutionNode = FALSE
	EndGlobalSection
	GlobalSection(ExtensibilityGlobals) = postSolution
		SolutionGuid = {DEC76D77-D839-4FE4-969C-E5334A017CC4}
	EndGlobalSection
EndGlobal
