
Microsoft Visual Studio Solution File, Format Version 12.00
# Visual Studio Version 17
VisualStudioVersion = 17.8.34330.188
MinimumVisualStudioVersion = 10.0.40219.1
Project("{FAE04EC0-301F-11D3-BF4B-00C04F79EFBC}") = "Ex09Consumo", "Ex09Consumo\Ex09Consumo.csproj", "{5924B842-9BF0-4B75-8833-311CE530635C}"
EndProject
Global
	GlobalSection(SolutionConfigurationPlatforms) = preSolution
		Debug|Any CPU = Debug|Any CPU
		Release|Any CPU = Release|Any CPU
	EndGlobalSection
	GlobalSection(ProjectConfigurationPlatforms) = postSolution
		{5924B842-9BF0-4B75-8833-311CE530635C}.Debug|Any CPU.ActiveCfg = Debug|Any CPU
		{5924B842-9BF0-4B75-8833-311CE530635C}.Debug|Any CPU.Build.0 = Debug|Any CPU
		{5924B842-9BF0-4B75-8833-311CE530635C}.Release|Any CPU.ActiveCfg = Release|Any CPU
		{5924B842-9BF0-4B75-8833-311CE530635C}.Release|Any CPU.Build.0 = Release|Any CPU
	EndGlobalSection
	GlobalSection(SolutionProperties) = preSolution
		HideSolutionNode = FALSE
	EndGlobalSection
	GlobalSection(ExtensibilityGlobals) = postSolution
		SolutionGuid = {844F9999-7985-43EF-8C43-5A5F342952C3}
	EndGlobalSection
EndGlobal
