
Microsoft Visual Studio Solution File, Format Version 12.00
# Visual Studio Version 17
VisualStudioVersion = 17.8.34330.188
MinimumVisualStudioVersion = 10.0.40219.1
Project("{FAE04EC0-301F-11D3-BF4B-00C04F79EFBC}") = "Ex74ParouImpar", "Ex74ParouImpar\Ex74ParouImpar.csproj", "{A8F62986-0E99-49A6-B51A-EF193DCE69F7}"
EndProject
Global
	GlobalSection(SolutionConfigurationPlatforms) = preSolution
		Debug|Any CPU = Debug|Any CPU
		Release|Any CPU = Release|Any CPU
	EndGlobalSection
	GlobalSection(ProjectConfigurationPlatforms) = postSolution
		{A8F62986-0E99-49A6-B51A-EF193DCE69F7}.Debug|Any CPU.ActiveCfg = Debug|Any CPU
		{A8F62986-0E99-49A6-B51A-EF193DCE69F7}.Debug|Any CPU.Build.0 = Debug|Any CPU
		{A8F62986-0E99-49A6-B51A-EF193DCE69F7}.Release|Any CPU.ActiveCfg = Release|Any CPU
		{A8F62986-0E99-49A6-B51A-EF193DCE69F7}.Release|Any CPU.Build.0 = Release|Any CPU
	EndGlobalSection
	GlobalSection(SolutionProperties) = preSolution
		HideSolutionNode = FALSE
	EndGlobalSection
	GlobalSection(ExtensibilityGlobals) = postSolution
		SolutionGuid = {2137021A-6D45-43B4-B195-AF22492EDC9D}
	EndGlobalSection
EndGlobal
