
Microsoft Visual Studio Solution File, Format Version 12.00
# Visual Studio Version 17
VisualStudioVersion = 17.8.34330.188
MinimumVisualStudioVersion = 10.0.40219.1
Project("{FAE04EC0-301F-11D3-BF4B-00C04F79EFBC}") = "Ex06Vet", "Ex06Vet\Ex06Vet.csproj", "{6255F796-3246-4CBD-B732-9CE9843A1AFE}"
EndProject
Global
	GlobalSection(SolutionConfigurationPlatforms) = preSolution
		Debug|Any CPU = Debug|Any CPU
		Release|Any CPU = Release|Any CPU
	EndGlobalSection
	GlobalSection(ProjectConfigurationPlatforms) = postSolution
		{6255F796-3246-4CBD-B732-9CE9843A1AFE}.Debug|Any CPU.ActiveCfg = Debug|Any CPU
		{6255F796-3246-4CBD-B732-9CE9843A1AFE}.Debug|Any CPU.Build.0 = Debug|Any CPU
		{6255F796-3246-4CBD-B732-9CE9843A1AFE}.Release|Any CPU.ActiveCfg = Release|Any CPU
		{6255F796-3246-4CBD-B732-9CE9843A1AFE}.Release|Any CPU.Build.0 = Release|Any CPU
	EndGlobalSection
	GlobalSection(SolutionProperties) = preSolution
		HideSolutionNode = FALSE
	EndGlobalSection
	GlobalSection(ExtensibilityGlobals) = postSolution
		SolutionGuid = {2BEBC8B1-3342-4B3C-B940-4531D65EF682}
	EndGlobalSection
EndGlobal
